// !$*UTF8*$!
{
	archiveVersion = 1;
	classes = {
	};
	objectVersion = 56;
	objects = {

/* Begin PBXBuildFile section */
		ED9CD68F2A3DAAA40030D27C /* AppDelegate.swift in Sources */ = {isa = PBXBuildFile; fileRef = ED9CD68E2A3DAAA40030D27C /* AppDelegate.swift */; };
		ED9CD6912A3DAAA40030D27C /* SceneDelegate.swift in Sources */ = {isa = PBXBuildFile; fileRef = ED9CD6902A3DAAA40030D27C /* SceneDelegate.swift */; };
		ED9CD6932A3DAAA40030D27C /* QuestionsViewController.swift in Sources */ = {isa = PBXBuildFile; fileRef = ED9CD6922A3DAAA40030D27C /* QuestionsViewController.swift */; };
		ED9CD6962A3DAAA40030D27C /* Main.storyboard in Resources */ = {isa = PBXBuildFile; fileRef = ED9CD6942A3DAAA40030D27C /* Main.storyboard */; };
		ED9CD6982A3DAAA60030D27C /* Assets.xcassets in Resources */ = {isa = PBXBuildFile; fileRef = ED9CD6972A3DAAA60030D27C /* Assets.xcassets */; };
		ED9CD69B2A3DAAA60030D27C /* LaunchScreen.storyboard in Resources */ = {isa = PBXBuildFile; fileRef = ED9CD6992A3DAAA60030D27C /* LaunchScreen.storyboard */; };
		ED9CD6A72A3DCA150030D27C /* Question.swift in Sources */ = {isa = PBXBuildFile; fileRef = ED9CD6A62A3DCA150030D27C /* Question.swift */; };
		ED9F8AD02A472D1E00FB8759 /* ResultViewController.swift in Sources */ = {isa = PBXBuildFile; fileRef = ED9F8ACF2A472D1E00FB8759 /* ResultViewController.swift */; };
/* End PBXBuildFile section */

/* Begin PBXFileReference section */
		ED9CD68B2A3DAAA40030D27C /* PersonalQuiz.app */ = {isa = PBXFileReference; explicitFileType = wrapper.application; includeInIndex = 0; path = PersonalQuiz.app; sourceTree = BUILT_PRODUCTS_DIR; };
		ED9CD68E2A3DAAA40030D27C /* AppDelegate.swift */ = {isa = PBXFileReference; lastKnownFileType = sourcecode.swift; path = AppDelegate.swift; sourceTree = "<group>"; };
		ED9CD6902A3DAAA40030D27C /* SceneDelegate.swift */ = {isa = PBXFileReference; lastKnownFileType = sourcecode.swift; path = SceneDelegate.swift; sourceTree = "<group>"; };
		ED9CD6922A3DAAA40030D27C /* QuestionsViewController.swift */ = {isa = PBXFileReference; lastKnownFileType = sourcecode.swift; path = QuestionsViewController.swift; sourceTree = "<group>"; };
		ED9CD6952A3DAAA40030D27C /* Base */ = {isa = PBXFileReference; lastKnownFileType = file.storyboard; name = Base; path = Base.lproj/Main.storyboard; sourceTree = "<group>"; };
		ED9CD6972A3DAAA60030D27C /* Assets.xcassets */ = {isa = PBXFileReference; lastKnownFileType = folder.assetcatalog; path = Assets.xcassets; sourceTree = "<group>"; };
		ED9CD69A2A3DAAA60030D27C /* Base */ = {isa = PBXFileReference; lastKnownFileType = file.storyboard; name = Base; path = Base.lproj/LaunchScreen.storyboard; sourceTree = "<group>"; };
		ED9CD69C2A3DAAA60030D27C /* Info.plist */ = {isa = PBXFileReference; lastKnownFileType = text.plist.xml; path = Info.plist; sourceTree = "<group>"; };
		ED9CD6A62A3DCA150030D27C /* Question.swift */ = {isa = PBXFileReference; lastKnownFileType = sourcecode.swift; name = Question.swift; path = PersonalQuiz/Models/Question.swift; sourceTree = SOURCE_ROOT; };
		ED9F8ACF2A472D1E00FB8759 /* ResultViewController.swift */ = {isa = PBXFileReference; lastKnownFileType = sourcecode.swift; path = ResultViewController.swift; sourceTree = "<group>"; };
/* End PBXFileReference section */

/* Begin PBXFrameworksBuildPhase section */
		ED9CD6882A3DAAA40030D27C /* Frameworks */ = {
			isa = PBXFrameworksBuildPhase;
			buildActionMask = 2147483647;
			files = (
			);
			runOnlyForDeploymentPostprocessing = 0;
		};
/* End PBXFrameworksBuildPhase section */

/* Begin PBXGroup section */
		ED9CD6822A3DAAA40030D27C = {
			isa = PBXGroup;
			children = (
				ED9CD68D2A3DAAA40030D27C /* PersonalQuiz */,
				ED9CD68C2A3DAAA40030D27C /* Products */,
			);
			sourceTree = "<group>";
		};
		ED9CD68C2A3DAAA40030D27C /* Products */ = {
			isa = PBXGroup;
			children = (
				ED9CD68B2A3DAAA40030D27C /* PersonalQuiz.app */,
			);
			name = Products;
			sourceTree = "<group>";
		};
		ED9CD68D2A3DAAA40030D27C /* PersonalQuiz */ = {
			isa = PBXGroup;
			children = (
				ED9CD6A32A3DBC320030D27C /* ViewControllers */,
				ED9CD6A52A3DBC8C0030D27C /* Models */,
				ED9CD6A22A3DBBC60030D27C /* App */,
				ED9CD6A42A3DBC660030D27C /* Storyboards */,
				ED9F8ACE2A472CED00FB8759 /* Arsenal */,
			);
			path = PersonalQuiz;
			sourceTree = "<group>";
		};
		ED9CD6A22A3DBBC60030D27C /* App */ = {
			isa = PBXGroup;
			children = (
				ED9CD68E2A3DAAA40030D27C /* AppDelegate.swift */,
				ED9CD6902A3DAAA40030D27C /* SceneDelegate.swift */,
				ED9CD69C2A3DAAA60030D27C /* Info.plist */,
			);
			path = App;
			sourceTree = "<group>";
		};
		ED9CD6A32A3DBC320030D27C /* ViewControllers */ = {
			isa = PBXGroup;
			children = (
				ED9CD6922A3DAAA40030D27C /* QuestionsViewController.swift */,
				ED9F8ACF2A472D1E00FB8759 /* ResultViewController.swift */,
			);
			path = ViewControllers;
			sourceTree = "<group>";
		};
		ED9CD6A42A3DBC660030D27C /* Storyboards */ = {
			isa = PBXGroup;
			children = (
				ED9CD6942A3DAAA40030D27C /* Main.storyboard */,
				ED9CD6992A3DAAA60030D27C /* LaunchScreen.storyboard */,
			);
			path = Storyboards;
			sourceTree = "<group>";
		};
		ED9CD6A52A3DBC8C0030D27C /* Models */ = {
			isa = PBXGroup;
			children = (
				ED9CD6A62A3DCA150030D27C /* Question.swift */,
			);
			path = Models;
			sourceTree = "<group>";
		};
		ED9F8ACE2A472CED00FB8759 /* Arsenal */ = {
			isa = PBXGroup;
			children = (
				ED9CD6972A3DAAA60030D27C /* Assets.xcassets */,
			);
			path = Arsenal;
			sourceTree = "<group>";
		};
/* End PBXGroup section */

/* Begin PBXNativeTarget section */
		ED9CD68A2A3DAAA40030D27C /* PersonalQuiz */ = {
			isa = PBXNativeTarget;
			buildConfigurationList = ED9CD69F2A3DAAA60030D27C /* Build configuration list for PBXNativeTarget "PersonalQuiz" */;
			buildPhases = (
				ED9CD6872A3DAAA40030D27C /* Sources */,
				ED9CD6882A3DAAA40030D27C /* Frameworks */,
				ED9CD6892A3DAAA40030D27C /* Resources */,
			);
			buildRules = (
			);
			dependencies = (
			);
			name = PersonalQuiz;
			productName = PersonalQuiz;
			productReference = ED9CD68B2A3DAAA40030D27C /* PersonalQuiz.app */;
			productType = "com.apple.product-type.application";
		};
/* End PBXNativeTarget section */

/* Begin PBXProject section */
		ED9CD6832A3DAAA40030D27C /* Project object */ = {
			isa = PBXProject;
			attributes = {
				BuildIndependentTargetsInParallel = 1;
				LastSwiftUpdateCheck = 1430;
				LastUpgradeCheck = 1430;
				TargetAttributes = {
					ED9CD68A2A3DAAA40030D27C = {
						CreatedOnToolsVersion = 14.3;
					};
				};
			};
			buildConfigurationList = ED9CD6862A3DAAA40030D27C /* Build configuration list for PBXProject "PersonalQuiz" */;
			compatibilityVersion = "Xcode 14.0";
			developmentRegion = en;
			hasScannedForEncodings = 0;
			knownRegions = (
				en,
				Base,
			);
			mainGroup = ED9CD6822A3DAAA40030D27C;
			productRefGroup = ED9CD68C2A3DAAA40030D27C /* Products */;
			projectDirPath = "";
			projectRoot = "";
			targets = (
				ED9CD68A2A3DAAA40030D27C /* PersonalQuiz */,
			);
		};
/* End PBXProject section */

/* Begin PBXResourcesBuildPhase section */
		ED9CD6892A3DAAA40030D27C /* Resources */ = {
			isa = PBXResourcesBuildPhase;
			buildActionMask = 2147483647;
			files = (
				ED9CD69B2A3DAAA60030D27C /* LaunchScreen.storyboard in Resources */,
				ED9CD6982A3DAAA60030D27C /* Assets.xcassets in Resources */,
				ED9CD6962A3DAAA40030D27C /* Main.storyboard in Resources */,
			);
			runOnlyForDeploymentPostprocessing = 0;
		};
/* End PBXResourcesBuildPhase section */

/* Begin PBXSourcesBuildPhase section */
		ED9CD6872A3DAAA40030D27C /* Sources */ = {
			isa = PBXSourcesBuildPhase;
			buildActionMask = 2147483647;
			files = (
				ED9F8AD02A472D1E00FB8759 /* ResultViewController.swift in Sources */,
				ED9CD6932A3DAAA40030D27C /* QuestionsViewController.swift in Sources */,
				ED9CD6A72A3DCA150030D27C /* Question.swift in Sources */,
				ED9CD68F2A3DAAA40030D27C /* AppDelegate.swift in Sources */,
				ED9CD6912A3DAAA40030D27C /* SceneDelegate.swift in Sources */,
			);
			runOnlyForDeploymentPostprocessing = 0;
		};
/* End PBXSourcesBuildPhase section */

/* Begin PBXVariantGroup section */
		ED9CD6942A3DAAA40030D27C /* Main.storyboard */ = {
			isa = PBXVariantGroup;
			children = (
				ED9CD6952A3DAAA40030D27C /* Base */,
			);
			name = Main.storyboard;
			sourceTree = "<group>";
		};
		ED9CD6992A3DAAA60030D27C /* LaunchScreen.storyboard */ = {
			isa = PBXVariantGroup;
			children = (
				ED9CD69A2A3DAAA60030D27C /* Base */,
			);
			name = LaunchScreen.storyboard;
			sourceTree = "<group>";
		};
/* End PBXVariantGroup section */

/* Begin XCBuildConfiguration section */
		ED9CD69D2A3DAAA60030D27C /* Debug */ = {
			isa = XCBuildConfiguration;
			buildSettings = {
				ALWAYS_SEARCH_USER_PATHS = NO;
				CLANG_ANALYZER_NONNULL = YES;
				CLANG_ANALYZER_NUMBER_OBJECT_CONVERSION = YES_AGGRESSIVE;
				CLANG_CXX_LANGUAGE_STANDARD = "gnu++20";
				CLANG_ENABLE_MODULES = YES;
				CLANG_ENABLE_OBJC_ARC = YES;
				CLANG_ENABLE_OBJC_WEAK = YES;
				CLANG_WARN_BLOCK_CAPTURE_AUTORELEASING = YES;
				CLANG_WARN_BOOL_CONVERSION = YES;
				CLANG_WARN_COMMA = YES;
				CLANG_WARN_CONSTANT_CONVERSION = YES;
				CLANG_WARN_DEPRECATED_OBJC_IMPLEMENTATIONS = YES;
				CLANG_WARN_DIRECT_OBJC_ISA_USAGE = YES_ERROR;
				CLANG_WARN_DOCUMENTATION_COMMENTS = YES;
				CLANG_WARN_EMPTY_BODY = YES;
				CLANG_WARN_ENUM_CONVERSION = YES;
				CLANG_WARN_INFINITE_RECURSION = YES;
				CLANG_WARN_INT_CONVERSION = YES;
				CLANG_WARN_NON_LITERAL_NULL_CONVERSION = YES;
				CLANG_WARN_OBJC_IMPLICIT_RETAIN_SELF = YES;
				CLANG_WARN_OBJC_LITERAL_CONVERSION = YES;
				CLANG_WARN_OBJC_ROOT_CLASS = YES_ERROR;
				CLANG_WARN_QUOTED_INCLUDE_IN_FRAMEWORK_HEADER = YES;
				CLANG_WARN_RANGE_LOOP_ANALYSIS = YES;
				CLANG_WARN_STRICT_PROTOTYPES = YES;
				CLANG_WARN_SUSPICIOUS_MOVE = YES;
				CLANG_WARN_UNGUARDED_AVAILABILITY = YES_AGGRESSIVE;
				CLANG_WARN_UNREACHABLE_CODE = YES;
				CLANG_WARN__DUPLICATE_METHOD_MATCH = YES;
				COPY_PHASE_STRIP = NO;
				DEBUG_INFORMATION_FORMAT = dwarf;
				ENABLE_STRICT_OBJC_MSGSEND = YES;
				ENABLE_TESTABILITY = YES;
				GCC_C_LANGUAGE_STANDARD = gnu11;
				GCC_DYNAMIC_NO_PIC = NO;
				GCC_NO_COMMON_BLOCKS = YES;
				GCC_OPTIMIZATION_LEVEL = 0;
				GCC_PREPROCESSOR_DEFINITIONS = (
					"DEBUG=1",
					"$(inherited)",
				);
				GCC_WARN_64_TO_32_BIT_CONVERSION = YES;
				GCC_WARN_ABOUT_RETURN_TYPE = YES_ERROR;
				GCC_WARN_UNDECLARED_SELECTOR = YES;
				GCC_WARN_UNINITIALIZED_AUTOS = YES_AGGRESSIVE;
				GCC_WARN_UNUSED_FUNCTION = YES;
				GCC_WARN_UNUSED_VARIABLE = YES;
				IPHONEOS_DEPLOYMENT_TARGET = 16.4;
				MTL_ENABLE_DEBUG_INFO = INCLUDE_SOURCE;
				MTL_FAST_MATH = YES;
				ONLY_ACTIVE_ARCH = YES;
				SDKROOT = iphoneos;
				SWIFT_ACTIVE_COMPILATION_CONDITIONS = DEBUG;
				SWIFT_OPTIMIZATION_LEVEL = "-Onone";
			};
			name = Debug;
		};
		ED9CD69E2A3DAAA60030D27C /* Release */ = {
			isa = XCBuildConfiguration;
			buildSettings = {
				ALWAYS_SEARCH_USER_PATHS = NO;
				CLANG_ANALYZER_NONNULL = YES;
				CLANG_ANALYZER_NUMBER_OBJECT_CONVERSION = YES_AGGRESSIVE;
				CLANG_CXX_LANGUAGE_STANDARD = "gnu++20";
				CLANG_ENABLE_MODULES = YES;
				CLANG_ENABLE_OBJC_ARC = YES;
				CLANG_ENABLE_OBJC_WEAK = YES;
				CLANG_WARN_BLOCK_CAPTURE_AUTORELEASING = YES;
				CLANG_WARN_BOOL_CONVERSION = YES;
				CLANG_WARN_COMMA = YES;
				CLANG_WARN_CONSTANT_CONVERSION = YES;
				CLANG_WARN_DEPRECATED_OBJC_IMPLEMENTATIONS = YES;
				CLANG_WARN_DIRECT_OBJC_ISA_USAGE = YES_ERROR;
				CLANG_WARN_DOCUMENTATION_COMMENTS = YES;
				CLANG_WARN_EMPTY_BODY = YES;
				CLANG_WARN_ENUM_CONVERSION = YES;
				CLANG_WARN_INFINITE_RECURSION = YES;
				CLANG_WARN_INT_CONVERSION = YES;
				CLANG_WARN_NON_LITERAL_NULL_CONVERSION = YES;
				CLANG_WARN_OBJC_IMPLICIT_RETAIN_SELF = YES;
				CLANG_WARN_OBJC_LITERAL_CONVERSION = YES;
				CLANG_WARN_OBJC_ROOT_CLASS = YES_ERROR;
				CLANG_WARN_QUOTED_INCLUDE_IN_FRAMEWORK_HEADER = YES;
				CLANG_WARN_RANGE_LOOP_ANALYSIS = YES;
				CLANG_WARN_STRICT_PROTOTYPES = YES;
				CLANG_WARN_SUSPICIOUS_MOVE = YES;
				CLANG_WARN_UNGUARDED_AVAILABILITY = YES_AGGRESSIVE;
				CLANG_WARN_UNREACHABLE_CODE = YES;
				CLANG_WARN__DUPLICATE_METHOD_MATCH = YES;
				COPY_PHASE_STRIP = NO;
				DEBUG_INFORMATION_FORMAT = "dwarf-with-dsym";
				ENABLE_NS_ASSERTIONS = NO;
				ENABLE_STRICT_OBJC_MSGSEND = YES;
				GCC_C_LANGUAGE_STANDARD = gnu11;
				GCC_NO_COMMON_BLOCKS = YES;
				GCC_WARN_64_TO_32_BIT_CONVERSION = YES;
				GCC_WARN_ABOUT_RETURN_TYPE = YES_ERROR;
				GCC_WARN_UNDECLARED_SELECTOR = YES;
				GCC_WARN_UNINITIALIZED_AUTOS = YES_AGGRESSIVE;
				GCC_WARN_UNUSED_FUNCTION = YES;
				GCC_WARN_UNUSED_VARIABLE = YES;
				IPHONEOS_DEPLOYMENT_TARGET = 16.4;
				MTL_ENABLE_DEBUG_INFO = NO;
				MTL_FAST_MATH = YES;
				SDKROOT = iphoneos;
				SWIFT_COMPILATION_MODE = wholemodule;
				SWIFT_OPTIMIZATION_LEVEL = "-O";
				VALIDATE_PRODUCT = YES;
			};
			name = Release;
		};
		ED9CD6A02A3DAAA60030D27C /* Debug */ = {
			isa = XCBuildConfiguration;
			buildSettings = {
				ASSETCATALOG_COMPILER_APPICON_NAME = AppIcon;
				ASSETCATALOG_COMPILER_GLOBAL_ACCENT_COLOR_NAME = AccentColor;
				CODE_SIGN_STYLE = Automatic;
				CURRENT_PROJECT_VERSION = 1;
				DEVELOPMENT_TEAM = B4D33S9Y62;
				GENERATE_INFOPLIST_FILE = YES;
				INFOPLIST_FILE = PersonalQuiz/App/Info.plist;
				INFOPLIST_KEY_UIApplicationSupportsIndirectInputEvents = YES;
				INFOPLIST_KEY_UILaunchStoryboardName = LaunchScreen;
				INFOPLIST_KEY_UIMainStoryboardFile = Main;
				INFOPLIST_KEY_UISupportedInterfaceOrientations_iPad = "UIInterfaceOrientationPortrait UIInterfaceOrientationPortraitUpsideDown UIInterfaceOrientationLandscapeLeft UIInterfaceOrientationLandscapeRight";
				INFOPLIST_KEY_UISupportedInterfaceOrientations_iPhone = "UIInterfaceOrientationPortrait UIInterfaceOrientationLandscapeLeft UIInterfaceOrientationLandscapeRight";
				IPHONEOS_DEPLOYMENT_TARGET = 16.0;
				LD_RUNPATH_SEARCH_PATHS = (
					"$(inherited)",
					"@executable_path/Frameworks",
				);
				MARKETING_VERSION = 1.0;
				PRODUCT_BUNDLE_IDENTIFIER = openYourMind.PersonalQuiz;
				PRODUCT_NAME = "$(TARGET_NAME)";
				SUPPORTED_PLATFORMS = "iphoneos iphonesimulator";
				SUPPORTS_MACCATALYST = NO;
				SUPPORTS_MAC_DESIGNED_FOR_IPHONE_IPAD = NO;
				SWIFT_EMIT_LOC_STRINGS = YES;
				SWIFT_VERSION = 5.0;
				TARGETED_DEVICE_FAMILY = 1;
			};
			name = Debug;
		};
		ED9CD6A12A3DAAA60030D27C /* Release */ = {
			isa = XCBuildConfiguration;
			buildSettings = {
				ASSETCATALOG_COMPILER_APPICON_NAME = AppIcon;
				ASSETCATALOG_COMPILER_GLOBAL_ACCENT_COLOR_NAME = AccentColor;
				CODE_SIGN_STYLE = Automatic;
				CURRENT_PROJECT_VERSION = 1;
				DEVELOPMENT_TEAM = B4D33S9Y62;
				GENERATE_INFOPLIST_FILE = YES;
				INFOPLIST_FILE = PersonalQuiz/App/Info.plist;
				INFOPLIST_KEY_UIApplicationSupportsIndirectInputEvents = YES;
				INFOPLIST_KEY_UILaunchStoryboardName = LaunchScreen;
				INFOPLIST_KEY_UIMainStoryboardFile = Main;
				INFOPLIST_KEY_UISupportedInterfaceOrientations_iPad = "UIInterfaceOrientationPortrait UIInterfaceOrientationPortraitUpsideDown UIInterfaceOrientationLandscapeLeft UIInterfaceOrientationLandscapeRight";
				INFOPLIST_KEY_UISupportedInterfaceOrientations_iPhone = "UIInterfaceOrientationPortrait UIInterfaceOrientationLandscapeLeft UIInterfaceOrientationLandscapeRight";
				IPHONEOS_DEPLOYMENT_TARGET = 16.0;
				LD_RUNPATH_SEARCH_PATHS = (
					"$(inherited)",
					"@executable_path/Frameworks",
				);
				MARKETING_VERSION = 1.0;
				PRODUCT_BUNDLE_IDENTIFIER = openYourMind.PersonalQuiz;
				PRODUCT_NAME = "$(TARGET_NAME)";
				SUPPORTED_PLATFORMS = "iphoneos iphonesimulator";
				SUPPORTS_MACCATALYST = NO;
				SUPPORTS_MAC_DESIGNED_FOR_IPHONE_IPAD = NO;
				SWIFT_EMIT_LOC_STRINGS = YES;
				SWIFT_VERSION = 5.0;
				TARGETED_DEVICE_FAMILY = 1;
			};
			name = Release;
		};
/* End XCBuildConfiguration section */

/* Begin XCConfigurationList section */
		ED9CD6862A3DAAA40030D27C /* Build configuration list for PBXProject "PersonalQuiz" */ = {
			isa = XCConfigurationList;
			buildConfigurations = (
				ED9CD69D2A3DAAA60030D27C /* Debug */,
				ED9CD69E2A3DAAA60030D27C /* Release */,
			);
			defaultConfigurationIsVisible = 0;
			defaultConfigurationName = Release;
		};
		ED9CD69F2A3DAAA60030D27C /* Build configuration list for PBXNativeTarget "PersonalQuiz" */ = {
			isa = XCConfigurationList;
			buildConfigurations = (
				ED9CD6A02A3DAAA60030D27C /* Debug */,
				ED9CD6A12A3DAAA60030D27C /* Release */,
			);
			defaultConfigurationIsVisible = 0;
			defaultConfigurationName = Release;
		};
/* End XCConfigurationList section */
	};
	rootObject = ED9CD6832A3DAAA40030D27C /* Project object */;
}
